
Microsoft Visual Studio Solution File, Format Version 12.00
# Visual Studio Version 17
VisualStudioVersion = 17.8.34511.84
MinimumVisualStudioVersion = 10.0.40219.1
Project("{8BC9CEB8-8B4A-11D0-8D11-00A0C91BC942}") = "Project Two Final", "Project Two Final.vcxproj", "{23C27E73-FA2D-4028-8D03-5CC4F2F7DB6C}"
EndProject
Global
	GlobalSection(SolutionConfigurationPlatforms) = preSolution
		Debug|x64 = Debug|x64
		Debug|x86 = Debug|x86
		Release|x64 = Release|x64
		Release|x86 = Release|x86
	EndGlobalSection
	GlobalSection(ProjectConfigurationPlatforms) = postSolution
		{23C27E73-FA2D-4028-8D03-5CC4F2F7DB6C}.Debug|x64.ActiveCfg = Debug|x64
		{23C27E73-FA2D-4028-8D03-5CC4F2F7DB6C}.Debug|x64.Build.0 = Debug|x64
		{23C27E73-FA2D-4028-8D03-5CC4F2F7DB6C}.Debug|x86.ActiveCfg = Debug|Win32
		{23C27E73-FA2D-4028-8D03-5CC4F2F7DB6C}.Debug|x86.Build.0 = Debug|Win32
		{23C27E73-FA2D-4028-8D03-5CC4F2F7DB6C}.Release|x64.ActiveCfg = Release|x64
		{23C27E73-FA2D-4028-8D03-5CC4F2F7DB6C}.Release|x64.Build.0 = Release|x64
		{23C27E73-FA2D-4028-8D03-5CC4F2F7DB6C}.Release|x86.ActiveCfg = Release|Win32
		{23C27E73-FA2D-4028-8D03-5CC4F2F7DB6C}.Release|x86.Build.0 = Release|Win32
	EndGlobalSection
	GlobalSection(SolutionProperties) = preSolution
		HideSolutionNode = FALSE
	EndGlobalSection
	GlobalSection(ExtensibilityGlobals) = postSolution
		SolutionGuid = {E76863FF-6A48-46B4-9C82-4177FFF639E3}
	EndGlobalSection
EndGlobal
